// !$*UTF8*$!
{
	archiveVersion = 1;
	classes = {
	};
	objectVersion = 46;
	objects = {

/* Begin PBXBuildFile section */
		9FC0CAD71CEB5C020004AA35 /* AppDelegate.swift in Sources */ = {isa = PBXBuildFile; fileRef = 9FC0CAD61CEB5C020004AA35 /* AppDelegate.swift */; };
		9FC0CAD91CEB5C020004AA35 /* ViewController.swift in Sources */ = {isa = PBXBuildFile; fileRef = 9FC0CAD81CEB5C020004AA35 /* ViewController.swift */; };
		9FC0CADC1CEB5C020004AA35 /* Main.storyboard in Resources */ = {isa = PBXBuildFile; fileRef = 9FC0CADA1CEB5C020004AA35 /* Main.storyboard */; };
		9FC0CADE1CEB5C020004AA35 /* Assets.xcassets in Resources */ = {isa = PBXBuildFile; fileRef = 9FC0CADD1CEB5C020004AA35 /* Assets.xcassets */; };
		9FC0CAE11CEB5C020004AA35 /* LaunchScreen.storyboard in Resources */ = {isa = PBXBuildFile; fileRef = 9FC0CADF1CEB5C020004AA35 /* LaunchScreen.storyboard */; };
		9FC0CAE91CEB5CD30004AA35 /* TableViewCell.swift in Sources */ = {isa = PBXBuildFile; fileRef = 9FC0CAE81CEB5CD30004AA35 /* TableViewCell.swift */; };
		9FC0CAEB1CEB5CF80004AA35 /* CameraViewController.swift in Sources */ = {isa = PBXBuildFile; fileRef = 9FC0CAEA1CEB5CF80004AA35 /* CameraViewController.swift */; };
		9FC0CAED1CEB6BEE0004AA35 /* datata.swift in Sources */ = {isa = PBXBuildFile; fileRef = 9FC0CAEC1CEB6BEE0004AA35 /* datata.swift */; };
/* End PBXBuildFile section */

/* Begin PBXFileReference section */
		9FC0CAD31CEB5C020004AA35 /* mayQ5.app */ = {isa = PBXFileReference; explicitFileType = wrapper.application; includeInIndex = 0; path = mayQ5.app; sourceTree = BUILT_PRODUCTS_DIR; };
		9FC0CAD61CEB5C020004AA35 /* AppDelegate.swift */ = {isa = PBXFileReference; lastKnownFileType = sourcecode.swift; path = AppDelegate.swift; sourceTree = "<group>"; };
		9FC0CAD81CEB5C020004AA35 /* ViewController.swift */ = {isa = PBXFileReference; lastKnownFileType = sourcecode.swift; path = ViewController.swift; sourceTree = "<group>"; };
		9FC0CADB1CEB5C020004AA35 /* Base */ = {isa = PBXFileReference; lastKnownFileType = file.storyboard; name = Base; path = Base.lproj/Main.storyboard; sourceTree = "<group>"; };
		9FC0CADD1CEB5C020004AA35 /* Assets.xcassets */ = {isa = PBXFileReference; lastKnownFileType = folder.assetcatalog; path = Assets.xcassets; sourceTree = "<group>"; };
		9FC0CAE01CEB5C020004AA35 /* Base */ = {isa = PBXFileReference; lastKnownFileType = file.storyboard; name = Base; path = Base.lproj/LaunchScreen.storyboard; sourceTree = "<group>"; };
		9FC0CAE21CEB5C020004AA35 /* Info.plist */ = {isa = PBXFileReference; lastKnownFileType = text.plist.xml; path = Info.plist; sourceTree = "<group>"; };
		9FC0CAE81CEB5CD30004AA35 /* TableViewCell.swift */ = {isa = PBXFileReference; fileEncoding = 4; lastKnownFileType = sourcecode.swift; path = TableViewCell.swift; sourceTree = "<group>"; };
		9FC0CAEA1CEB5CF80004AA35 /* CameraViewController.swift */ = {isa = PBXFileReference; fileEncoding = 4; lastKnownFileType = sourcecode.swift; path = CameraViewController.swift; sourceTree = "<group>"; };
		9FC0CAEC1CEB6BEE0004AA35 /* datata.swift */ = {isa = PBXFileReference; fileEncoding = 4; lastKnownFileType = sourcecode.swift; path = datata.swift; sourceTree = "<group>"; };
/* End PBXFileReference section */

/* Begin PBXFrameworksBuildPhase section */
		9FC0CAD01CEB5C020004AA35 /* Frameworks */ = {
			isa = PBXFrameworksBuildPhase;
			buildActionMask = 2147483647;
			files = (
			);
			runOnlyForDeploymentPostprocessing = 0;
		};
/* End PBXFrameworksBuildPhase section */

/* Begin PBXGroup section */
		9FC0CACA1CEB5C020004AA35 = {
			isa = PBXGroup;
			children = (
				9FC0CAD51CEB5C020004AA35 /* mayQ5 */,
				9FC0CAD41CEB5C020004AA35 /* Products */,
			);
			sourceTree = "<group>";
		};
		9FC0CAD41CEB5C020004AA35 /* Products */ = {
			isa = PBXGroup;
			children = (
				9FC0CAD31CEB5C020004AA35 /* mayQ5.app */,
			);
			name = Products;
			sourceTree = "<group>";
		};
		9FC0CAD51CEB5C020004AA35 /* mayQ5 */ = {
			isa = PBXGroup;
			children = (
				9FC0CAD61CEB5C020004AA35 /* AppDelegate.swift */,
				9FC0CAD81CEB5C020004AA35 /* ViewController.swift */,
				9FC0CAE81CEB5CD30004AA35 /* TableViewCell.swift */,
				9FC0CAEA1CEB5CF80004AA35 /* CameraViewController.swift */,
				9FC0CAEC1CEB6BEE0004AA35 /* datata.swift */,
				9FC0CADA1CEB5C020004AA35 /* Main.storyboard */,
				9FC0CADD1CEB5C020004AA35 /* Assets.xcassets */,
				9FC0CADF1CEB5C020004AA35 /* LaunchScreen.storyboard */,
				9FC0CAE21CEB5C020004AA35 /* Info.plist */,
			);
			path = mayQ5;
			sourceTree = "<group>";
		};
/* End PBXGroup section */

/* Begin PBXNativeTarget section */
		9FC0CAD21CEB5C020004AA35 /* mayQ5 */ = {
			isa = PBXNativeTarget;
			buildConfigurationList = 9FC0CAE51CEB5C020004AA35 /* Build configuration list for PBXNativeTarget "mayQ5" */;
			buildPhases = (
				9FC0CACF1CEB5C020004AA35 /* Sources */,
				9FC0CAD01CEB5C020004AA35 /* Frameworks */,
				9FC0CAD11CEB5C020004AA35 /* Resources */,
			);
			buildRules = (
			);
			dependencies = (
			);
			name = mayQ5;
			productName = mayQ5;
			productReference = 9FC0CAD31CEB5C020004AA35 /* mayQ5.app */;
			productType = "com.apple.product-type.application";
		};
/* End PBXNativeTarget section */

/* Begin PBXProject section */
		9FC0CACB1CEB5C020004AA35 /* Project object */ = {
			isa = PBXProject;
			attributes = {
				LastSwiftUpdateCheck = 0730;
				LastUpgradeCheck = 0730;
				ORGANIZATIONNAME = ted.company;
				TargetAttributes = {
					9FC0CAD21CEB5C020004AA35 = {
						CreatedOnToolsVersion = 7.3;
					};
				};
			};
			buildConfigurationList = 9FC0CACE1CEB5C020004AA35 /* Build configuration list for PBXProject "mayQ5" */;
			compatibilityVersion = "Xcode 3.2";
			developmentRegion = English;
			hasScannedForEncodings = 0;
			knownRegions = (
				en,
				Base,
			);
			mainGroup = 9FC0CACA1CEB5C020004AA35;
			productRefGroup = 9FC0CAD41CEB5C020004AA35 /* Products */;
			projectDirPath = "";
			projectRoot = "";
			targets = (
				9FC0CAD21CEB5C020004AA35 /* mayQ5 */,
			);
		};
/* End PBXProject section */

/* Begin PBXResourcesBuildPhase section */
		9FC0CAD11CEB5C020004AA35 /* Resources */ = {
			isa = PBXResourcesBuildPhase;
			buildActionMask = 2147483647;
			files = (
				9FC0CAE11CEB5C020004AA35 /* LaunchScreen.storyboard in Resources */,
				9FC0CADE1CEB5C020004AA35 /* Assets.xcassets in Resources */,
				9FC0CADC1CEB5C020004AA35 /* Main.storyboard in Resources */,
			);
			runOnlyForDeploymentPostprocessing = 0;
		};
/* End PBXResourcesBuildPhase section */

/* Begin PBXSourcesBuildPhase section */
		9FC0CACF1CEB5C020004AA35 /* Sources */ = {
			isa = PBXSourcesBuildPhase;
			buildActionMask = 2147483647;
			files = (
				9FC0CAE91CEB5CD30004AA35 /* TableViewCell.swift in Sources */,
				9FC0CAEB1CEB5CF80004AA35 /* CameraViewController.swift in Sources */,
				9FC0CAD91CEB5C020004AA35 /* ViewController.swift in Sources */,
				9FC0CAD71CEB5C020004AA35 /* AppDelegate.swift in Sources */,
				9FC0CAED1CEB6BEE0004AA35 /* datata.swift in Sources */,
			);
			runOnlyForDeploymentPostprocessing = 0;
		};
/* End PBXSourcesBuildPhase section */

/* Begin PBXVariantGroup section */
		9FC0CADA1CEB5C020004AA35 /* Main.storyboard */ = {
			isa = PBXVariantGroup;
			children = (
				9FC0CADB1CEB5C020004AA35 /* Base */,
			);
			name = Main.storyboard;
			sourceTree = "<group>";
		};
		9FC0CADF1CEB5C020004AA35 /* LaunchScreen.storyboard */ = {
			isa = PBXVariantGroup;
			children = (
				9FC0CAE01CEB5C020004AA35 /* Base */,
			);
			name = LaunchScreen.storyboard;
			sourceTree = "<group>";
		};
/* End PBXVariantGroup section */

/* Begin XCBuildConfiguration section */
		9FC0CAE31CEB5C020004AA35 /* Debug */ = {
			isa = XCBuildConfiguration;
			buildSettings = {
				ALWAYS_SEARCH_USER_PATHS = NO;
				CLANG_ANALYZER_NONNULL = YES;
				CLANG_CXX_LANGUAGE_STANDARD = "gnu++0x";
				CLANG_CXX_LIBRARY = "libc++";
				CLANG_ENABLE_MODULES = YES;
				CLANG_ENABLE_OBJC_ARC = YES;
				CLANG_WARN_BOOL_CONVERSION = YES;
				CLANG_WARN_CONSTANT_CONVERSION = YES;
				CLANG_WARN_DIRECT_OBJC_ISA_USAGE = YES_ERROR;
				CLANG_WARN_EMPTY_BODY = YES;
				CLANG_WARN_ENUM_CONVERSION = YES;
				CLANG_WARN_INT_CONVERSION = YES;
				CLANG_WARN_OBJC_ROOT_CLASS = YES_ERROR;
				CLANG_WARN_UNREACHABLE_CODE = YES;
				CLANG_WARN__DUPLICATE_METHOD_MATCH = YES;
				"CODE_SIGN_IDENTITY[sdk=iphoneos*]" = "iPhone Developer";
				COPY_PHASE_STRIP = NO;
				DEBUG_INFORMATION_FORMAT = dwarf;
				ENABLE_STRICT_OBJC_MSGSEND = YES;
				ENABLE_TESTABILITY = YES;
				GCC_C_LANGUAGE_STANDARD = gnu99;
				GCC_DYNAMIC_NO_PIC = NO;
				GCC_NO_COMMON_BLOCKS = YES;
				GCC_OPTIMIZATION_LEVEL = 0;
				GCC_PREPROCESSOR_DEFINITIONS = (
					"DEBUG=1",
					"$(inherited)",
				);
				GCC_WARN_64_TO_32_BIT_CONVERSION = YES;
				GCC_WARN_ABOUT_RETURN_TYPE = YES_ERROR;
				GCC_WARN_UNDECLARED_SELECTOR = YES;
				GCC_WARN_UNINITIALIZED_AUTOS = YES_AGGRESSIVE;
				GCC_WARN_UNUSED_FUNCTION = YES;
				GCC_WARN_UNUSED_VARIABLE = YES;
				IPHONEOS_DEPLOYMENT_TARGET = 9.3;
				MTL_ENABLE_DEBUG_INFO = YES;
				ONLY_ACTIVE_ARCH = YES;
				SDKROOT = iphoneos;
				SWIFT_OPTIMIZATION_LEVEL = "-Onone";
			};
			name = Debug;
		};
		9FC0CAE41CEB5C020004AA35 /* Release */ = {
			isa = XCBuildConfiguration;
			buildSettings = {
				ALWAYS_SEARCH_USER_PATHS = NO;
				CLANG_ANALYZER_NONNULL = YES;
				CLANG_CXX_LANGUAGE_STANDARD = "gnu++0x";
				CLANG_CXX_LIBRARY = "libc++";
				CLANG_ENABLE_MODULES = YES;
				CLANG_ENABLE_OBJC_ARC = YES;
				CLANG_WARN_BOOL_CONVERSION = YES;
				CLANG_WARN_CONSTANT_CONVERSION = YES;
				CLANG_WARN_DIRECT_OBJC_ISA_USAGE = YES_ERROR;
				CLANG_WARN_EMPTY_BODY = YES;
				CLANG_WARN_ENUM_CONVERSION = YES;
				CLANG_WARN_INT_CONVERSION = YES;
				CLANG_WARN_OBJC_ROOT_CLASS = YES_ERROR;
				CLANG_WARN_UNREACHABLE_CODE = YES;
				CLANG_WARN__DUPLICATE_METHOD_MATCH = YES;
				"CODE_SIGN_IDENTITY[sdk=iphoneos*]" = "iPhone Developer";
				COPY_PHASE_STRIP = NO;
				DEBUG_INFORMATION_FORMAT = "dwarf-with-dsym";
				ENABLE_NS_ASSERTIONS = NO;
				ENABLE_STRICT_OBJC_MSGSEND = YES;
				GCC_C_LANGUAGE_STANDARD = gnu99;
				GCC_NO_COMMON_BLOCKS = YES;
				GCC_WARN_64_TO_32_BIT_CONVERSION = YES;
				GCC_WARN_ABOUT_RETURN_TYPE = YES_ERROR;
				GCC_WARN_UNDECLARED_SELECTOR = YES;
				GCC_WARN_UNINITIALIZED_AUTOS = YES_AGGRESSIVE;
				GCC_WARN_UNUSED_FUNCTION = YES;
				GCC_WARN_UNUSED_VARIABLE = YES;
				IPHONEOS_DEPLOYMENT_TARGET = 9.3;
				MTL_ENABLE_DEBUG_INFO = NO;
				SDKROOT = iphoneos;
				VALIDATE_PRODUCT = YES;
			};
			name = Release;
		};
		9FC0CAE61CEB5C020004AA35 /* Debug */ = {
			isa = XCBuildConfiguration;
			buildSettings = {
				ASSETCATALOG_COMPILER_APPICON_NAME = AppIcon;
				INFOPLIST_FILE = mayQ5/Info.plist;
				LD_RUNPATH_SEARCH_PATHS = "$(inherited) @executable_path/Frameworks";
				PRODUCT_BUNDLE_IDENTIFIER = com.ted.company.mayQ5;
				PRODUCT_NAME = "$(TARGET_NAME)";
			};
			name = Debug;
		};
		9FC0CAE71CEB5C020004AA35 /* Release */ = {
			isa = XCBuildConfiguration;
			buildSettings = {
				ASSETCATALOG_COMPILER_APPICON_NAME = AppIcon;
				INFOPLIST_FILE = mayQ5/Info.plist;
				LD_RUNPATH_SEARCH_PATHS = "$(inherited) @executable_path/Frameworks";
				PRODUCT_BUNDLE_IDENTIFIER = com.ted.company.mayQ5;
				PRODUCT_NAME = "$(TARGET_NAME)";
			};
			name = Release;
		};
/* End XCBuildConfiguration section */

/* Begin XCConfigurationList section */
		9FC0CACE1CEB5C020004AA35 /* Build configuration list for PBXProject "mayQ5" */ = {
			isa = XCConfigurationList;
			buildConfigurations = (
				9FC0CAE31CEB5C020004AA35 /* Debug */,
				9FC0CAE41CEB5C020004AA35 /* Release */,
			);
			defaultConfigurationIsVisible = 0;
			defaultConfigurationName = Release;
		};
		9FC0CAE51CEB5C020004AA35 /* Build configuration list for PBXNativeTarget "mayQ5" */ = {
			isa = XCConfigurationList;
			buildConfigurations = (
				9FC0CAE61CEB5C020004AA35 /* Debug */,
				9FC0CAE71CEB5C020004AA35 /* Release */,
			);
			defaultConfigurationIsVisible = 0;
		};
/* End XCConfigurationList section */
	};
	rootObject = 9FC0CACB1CEB5C020004AA35 /* Project object */;
}
